
Microsoft Visual Studio Solution File, Format Version 12.00
# Visual Studio Version 17
VisualStudioVersion = 17.4.33205.214
MinimumVisualStudioVersion = 10.0.40219.1
Project("{9A19103F-16F7-4668-BE54-9A1E7A4F7556}") = "TravelingSystem", "TravelingSystem\TravelingSystem.csproj", "{8B1DC1DA-D539-4C0C-8685-B1A68255B447}"
EndProject
Project("{2150E333-8FDC-42A3-9474-1A3956D46DE8}") = "TS.SharedKernel", "TS.SharedKernel", "{B0139129-62EA-4849-99F0-BD5300E19D52}"
EndProject
Project("{9A19103F-16F7-4668-BE54-9A1E7A4F7556}") = "SH.Domain", "TS.SharedKernel\SH.Domain\SH.Domain.csproj", "{728A0DE6-7C65-4C88-B382-216D62E01ABF}"
EndProject
Project("{9A19103F-16F7-4668-BE54-9A1E7A4F7556}") = "SH.Application", "TS.SharedKernel\SH.Application\SH.Application.csproj", "{927D947C-6354-4B22-B797-23228E30A870}"
EndProject
Project("{9A19103F-16F7-4668-BE54-9A1E7A4F7556}") = "SH.InfrastructureEfCore", "TS.SharedKernel\SH.InfrastructureEfCore\SH.InfrastructureEfCore.csproj", "{878AB377-3C70-44EC-8B09-78C77ED8717C}"
EndProject
Project("{2150E333-8FDC-42A3-9474-1A3956D46DE8}") = "TS.Traveler", "TS.Traveler", "{67CC38BC-310F-45CD-9296-2D823BD5F7D8}"
EndProject
Project("{9A19103F-16F7-4668-BE54-9A1E7A4F7556}") = "Traveler.Domain", "TS.Traveler\Traveler.Domain\Traveler.Domain.csproj", "{408616D3-BDA5-4C6D-84FF-32146940CFBC}"
EndProject
Project("{9A19103F-16F7-4668-BE54-9A1E7A4F7556}") = "Traveler.infrastructureEfCore", "TS.Traveler\Traveler.infrastructureEfCore\Traveler.infrastructureEfCore.csproj", "{80C1C9E2-6365-452B-968A-355304015B1F}"
EndProject
Project("{9A19103F-16F7-4668-BE54-9A1E7A4F7556}") = "Traveler.Application", "TS.Traveler\Traveler.Application\Traveler.Application.csproj", "{332E40C2-9892-4659-8B51-BF6EA0A4A78B}"
EndProject
Project("{2150E333-8FDC-42A3-9474-1A3956D46DE8}") = "TS.Driver", "TS.Driver", "{3FC7CBA3-0CDF-4F11-B67C-223592110A1A}"
EndProject
Project("{FAE04EC0-301F-11D3-BF4B-00C04F79EFBC}") = "Driver.Domain", "TS.Driver\Driver.Domain\Driver.Domain.csproj", "{5A15D6FB-DC1F-4264-8EF6-3EFECC8AEEE1}"
EndProject
Project("{FAE04EC0-301F-11D3-BF4B-00C04F79EFBC}") = "Driver.Application", "TS.Driver\Driver.Application\Driver.Application.csproj", "{143D0140-0B0E-4436-A584-573B9792766E}"
EndProject
Project("{FAE04EC0-301F-11D3-BF4B-00C04F79EFBC}") = "Driver.InfrastructureEfCore", "TS.Driver\Driver.InfrastructureEfCore\Driver.InfrastructureEfCore.csproj", "{81F90F44-E125-46EC-8DC7-7E7BE17074CE}"
EndProject
Project("{2150E333-8FDC-42A3-9474-1A3956D46DE8}") = "TS.Journey", "TS.Journey", "{C6584B10-7D2C-4465-B720-E84A6F758810}"
EndProject
Project("{9A19103F-16F7-4668-BE54-9A1E7A4F7556}") = "Journey.Domain", "TS.Journey\Journey.Domain\Journey.Domain.csproj", "{D222E634-9857-44D7-8E9F-07ADCBC78DFD}"
EndProject
Project("{9A19103F-16F7-4668-BE54-9A1E7A4F7556}") = "Journey.Application", "TS.Journey\Journey.Application\Journey.Application.csproj", "{3AB4F405-1C95-46A2-99A9-97D13013D973}"
EndProject
Project("{9A19103F-16F7-4668-BE54-9A1E7A4F7556}") = "Journey.InfrastructureEfCore", "TS.Journey\Journey.InfrastructureEfCore\Journey.InfrastructureEfCore.csproj", "{36D6F155-2C37-4E61-8C9E-31D8C3A07503}"
EndProject
Project("{2150E333-8FDC-42A3-9474-1A3956D46DE8}") = "TS.Factor", "TS.Factor", "{AB241FBF-BC7B-4251-BD54-AD37D7D123DE}"
EndProject
Project("{FAE04EC0-301F-11D3-BF4B-00C04F79EFBC}") = "Factor.Domain", "TS.Factor\Factor.Domain\Factor.Domain.csproj", "{61007124-A126-42D7-B37A-7A5C44DD3C45}"
EndProject
Project("{FAE04EC0-301F-11D3-BF4B-00C04F79EFBC}") = "Factor.Application", "TS.Factor\Factor.Application\Factor.Application.csproj", "{D79D975C-615A-46C0-82A7-4C77CB6E9FC2}"
EndProject
Project("{FAE04EC0-301F-11D3-BF4B-00C04F79EFBC}") = "Factor.InfrastructureEfCore", "TS.Factor\Factor.InfrastructureEfCore\Factor.InfrastructureEfCore.csproj", "{D09050A8-C84D-4635-ACCB-71A5AB685FDD}"
EndProject
Project("{FAE04EC0-301F-11D3-BF4B-00C04F79EFBC}") = "Factor.Api", "TS.Factor\Factor.Api\Factor.Api.csproj", "{7C555CD8-DEE1-49BA-BDBB-712D0CF45BEB}"
EndProject
Project("{FAE04EC0-301F-11D3-BF4B-00C04F79EFBC}") = "Driver.Api", "TS.Driver\Driver.Api\Driver.Api.csproj", "{FB12F4D5-BB03-4DAF-B789-BA91CDD17B5D}"
EndProject
Global
	GlobalSection(SolutionConfigurationPlatforms) = preSolution
		Debug|Any CPU = Debug|Any CPU
		Release|Any CPU = Release|Any CPU
	EndGlobalSection
	GlobalSection(ProjectConfigurationPlatforms) = postSolution
		{8B1DC1DA-D539-4C0C-8685-B1A68255B447}.Debug|Any CPU.ActiveCfg = Debug|Any CPU
		{8B1DC1DA-D539-4C0C-8685-B1A68255B447}.Debug|Any CPU.Build.0 = Debug|Any CPU
		{8B1DC1DA-D539-4C0C-8685-B1A68255B447}.Release|Any CPU.ActiveCfg = Release|Any CPU
		{8B1DC1DA-D539-4C0C-8685-B1A68255B447}.Release|Any CPU.Build.0 = Release|Any CPU
		{728A0DE6-7C65-4C88-B382-216D62E01ABF}.Debug|Any CPU.ActiveCfg = Debug|Any CPU
		{728A0DE6-7C65-4C88-B382-216D62E01ABF}.Debug|Any CPU.Build.0 = Debug|Any CPU
		{728A0DE6-7C65-4C88-B382-216D62E01ABF}.Release|Any CPU.ActiveCfg = Release|Any CPU
		{728A0DE6-7C65-4C88-B382-216D62E01ABF}.Release|Any CPU.Build.0 = Release|Any CPU
		{927D947C-6354-4B22-B797-23228E30A870}.Debug|Any CPU.ActiveCfg = Debug|Any CPU
		{927D947C-6354-4B22-B797-23228E30A870}.Debug|Any CPU.Build.0 = Debug|Any CPU
		{927D947C-6354-4B22-B797-23228E30A870}.Release|Any CPU.ActiveCfg = Release|Any CPU
		{927D947C-6354-4B22-B797-23228E30A870}.Release|Any CPU.Build.0 = Release|Any CPU
		{878AB377-3C70-44EC-8B09-78C77ED8717C}.Debug|Any CPU.ActiveCfg = Debug|Any CPU
		{878AB377-3C70-44EC-8B09-78C77ED8717C}.Debug|Any CPU.Build.0 = Debug|Any CPU
		{878AB377-3C70-44EC-8B09-78C77ED8717C}.Release|Any CPU.ActiveCfg = Release|Any CPU
		{878AB377-3C70-44EC-8B09-78C77ED8717C}.Release|Any CPU.Build.0 = Release|Any CPU
		{408616D3-BDA5-4C6D-84FF-32146940CFBC}.Debug|Any CPU.ActiveCfg = Debug|Any CPU
		{408616D3-BDA5-4C6D-84FF-32146940CFBC}.Debug|Any CPU.Build.0 = Debug|Any CPU
		{408616D3-BDA5-4C6D-84FF-32146940CFBC}.Release|Any CPU.ActiveCfg = Release|Any CPU
		{408616D3-BDA5-4C6D-84FF-32146940CFBC}.Release|Any CPU.Build.0 = Release|Any CPU
		{80C1C9E2-6365-452B-968A-355304015B1F}.Debug|Any CPU.ActiveCfg = Debug|Any CPU
		{80C1C9E2-6365-452B-968A-355304015B1F}.Debug|Any CPU.Build.0 = Debug|Any CPU
		{80C1C9E2-6365-452B-968A-355304015B1F}.Release|Any CPU.ActiveCfg = Release|Any CPU
		{80C1C9E2-6365-452B-968A-355304015B1F}.Release|Any CPU.Build.0 = Release|Any CPU
		{332E40C2-9892-4659-8B51-BF6EA0A4A78B}.Debug|Any CPU.ActiveCfg = Debug|Any CPU
		{332E40C2-9892-4659-8B51-BF6EA0A4A78B}.Debug|Any CPU.Build.0 = Debug|Any CPU
		{332E40C2-9892-4659-8B51-BF6EA0A4A78B}.Release|Any CPU.ActiveCfg = Release|Any CPU
		{332E40C2-9892-4659-8B51-BF6EA0A4A78B}.Release|Any CPU.Build.0 = Release|Any CPU
		{5A15D6FB-DC1F-4264-8EF6-3EFECC8AEEE1}.Debug|Any CPU.ActiveCfg = Debug|Any CPU
		{5A15D6FB-DC1F-4264-8EF6-3EFECC8AEEE1}.Debug|Any CPU.Build.0 = Debug|Any CPU
		{5A15D6FB-DC1F-4264-8EF6-3EFECC8AEEE1}.Release|Any CPU.ActiveCfg = Release|Any CPU
		{5A15D6FB-DC1F-4264-8EF6-3EFECC8AEEE1}.Release|Any CPU.Build.0 = Release|Any CPU
		{143D0140-0B0E-4436-A584-573B9792766E}.Debug|Any CPU.ActiveCfg = Debug|Any CPU
		{143D0140-0B0E-4436-A584-573B9792766E}.Debug|Any CPU.Build.0 = Debug|Any CPU
		{143D0140-0B0E-4436-A584-573B9792766E}.Release|Any CPU.ActiveCfg = Release|Any CPU
		{143D0140-0B0E-4436-A584-573B9792766E}.Release|Any CPU.Build.0 = Release|Any CPU
		{81F90F44-E125-46EC-8DC7-7E7BE17074CE}.Debug|Any CPU.ActiveCfg = Debug|Any CPU
		{81F90F44-E125-46EC-8DC7-7E7BE17074CE}.Debug|Any CPU.Build.0 = Debug|Any CPU
		{81F90F44-E125-46EC-8DC7-7E7BE17074CE}.Release|Any CPU.ActiveCfg = Release|Any CPU
		{81F90F44-E125-46EC-8DC7-7E7BE17074CE}.Release|Any CPU.Build.0 = Release|Any CPU
		{D222E634-9857-44D7-8E9F-07ADCBC78DFD}.Debug|Any CPU.ActiveCfg = Debug|Any CPU
		{D222E634-9857-44D7-8E9F-07ADCBC78DFD}.Debug|Any CPU.Build.0 = Debug|Any CPU
		{D222E634-9857-44D7-8E9F-07ADCBC78DFD}.Release|Any CPU.ActiveCfg = Release|Any CPU
		{D222E634-9857-44D7-8E9F-07ADCBC78DFD}.Release|Any CPU.Build.0 = Release|Any CPU
		{3AB4F405-1C95-46A2-99A9-97D13013D973}.Debug|Any CPU.ActiveCfg = Debug|Any CPU
		{3AB4F405-1C95-46A2-99A9-97D13013D973}.Debug|Any CPU.Build.0 = Debug|Any CPU
		{3AB4F405-1C95-46A2-99A9-97D13013D973}.Release|Any CPU.ActiveCfg = Release|Any CPU
		{3AB4F405-1C95-46A2-99A9-97D13013D973}.Release|Any CPU.Build.0 = Release|Any CPU
		{36D6F155-2C37-4E61-8C9E-31D8C3A07503}.Debug|Any CPU.ActiveCfg = Debug|Any CPU
		{36D6F155-2C37-4E61-8C9E-31D8C3A07503}.Debug|Any CPU.Build.0 = Debug|Any CPU
		{36D6F155-2C37-4E61-8C9E-31D8C3A07503}.Release|Any CPU.ActiveCfg = Release|Any CPU
		{36D6F155-2C37-4E61-8C9E-31D8C3A07503}.Release|Any CPU.Build.0 = Release|Any CPU
		{61007124-A126-42D7-B37A-7A5C44DD3C45}.Debug|Any CPU.ActiveCfg = Debug|Any CPU
		{61007124-A126-42D7-B37A-7A5C44DD3C45}.Debug|Any CPU.Build.0 = Debug|Any CPU
		{61007124-A126-42D7-B37A-7A5C44DD3C45}.Release|Any CPU.ActiveCfg = Release|Any CPU
		{61007124-A126-42D7-B37A-7A5C44DD3C45}.Release|Any CPU.Build.0 = Release|Any CPU
		{D79D975C-615A-46C0-82A7-4C77CB6E9FC2}.Debug|Any CPU.ActiveCfg = Debug|Any CPU
		{D79D975C-615A-46C0-82A7-4C77CB6E9FC2}.Debug|Any CPU.Build.0 = Debug|Any CPU
		{D79D975C-615A-46C0-82A7-4C77CB6E9FC2}.Release|Any CPU.ActiveCfg = Release|Any CPU
		{D79D975C-615A-46C0-82A7-4C77CB6E9FC2}.Release|Any CPU.Build.0 = Release|Any CPU
		{D09050A8-C84D-4635-ACCB-71A5AB685FDD}.Debug|Any CPU.ActiveCfg = Debug|Any CPU
		{D09050A8-C84D-4635-ACCB-71A5AB685FDD}.Debug|Any CPU.Build.0 = Debug|Any CPU
		{D09050A8-C84D-4635-ACCB-71A5AB685FDD}.Release|Any CPU.ActiveCfg = Release|Any CPU
		{D09050A8-C84D-4635-ACCB-71A5AB685FDD}.Release|Any CPU.Build.0 = Release|Any CPU
		{7C555CD8-DEE1-49BA-BDBB-712D0CF45BEB}.Debug|Any CPU.ActiveCfg = Debug|Any CPU
		{7C555CD8-DEE1-49BA-BDBB-712D0CF45BEB}.Debug|Any CPU.Build.0 = Debug|Any CPU
		{7C555CD8-DEE1-49BA-BDBB-712D0CF45BEB}.Release|Any CPU.ActiveCfg = Release|Any CPU
		{7C555CD8-DEE1-49BA-BDBB-712D0CF45BEB}.Release|Any CPU.Build.0 = Release|Any CPU
		{FB12F4D5-BB03-4DAF-B789-BA91CDD17B5D}.Debug|Any CPU.ActiveCfg = Debug|Any CPU
		{FB12F4D5-BB03-4DAF-B789-BA91CDD17B5D}.Debug|Any CPU.Build.0 = Debug|Any CPU
		{FB12F4D5-BB03-4DAF-B789-BA91CDD17B5D}.Release|Any CPU.ActiveCfg = Release|Any CPU
		{FB12F4D5-BB03-4DAF-B789-BA91CDD17B5D}.Release|Any CPU.Build.0 = Release|Any CPU
	EndGlobalSection
	GlobalSection(SolutionProperties) = preSolution
		HideSolutionNode = FALSE
	EndGlobalSection
	GlobalSection(NestedProjects) = preSolution
		{728A0DE6-7C65-4C88-B382-216D62E01ABF} = {B0139129-62EA-4849-99F0-BD5300E19D52}
		{927D947C-6354-4B22-B797-23228E30A870} = {B0139129-62EA-4849-99F0-BD5300E19D52}
		{878AB377-3C70-44EC-8B09-78C77ED8717C} = {B0139129-62EA-4849-99F0-BD5300E19D52}
		{408616D3-BDA5-4C6D-84FF-32146940CFBC} = {67CC38BC-310F-45CD-9296-2D823BD5F7D8}
		{80C1C9E2-6365-452B-968A-355304015B1F} = {67CC38BC-310F-45CD-9296-2D823BD5F7D8}
		{332E40C2-9892-4659-8B51-BF6EA0A4A78B} = {67CC38BC-310F-45CD-9296-2D823BD5F7D8}
		{5A15D6FB-DC1F-4264-8EF6-3EFECC8AEEE1} = {3FC7CBA3-0CDF-4F11-B67C-223592110A1A}
		{143D0140-0B0E-4436-A584-573B9792766E} = {3FC7CBA3-0CDF-4F11-B67C-223592110A1A}
		{81F90F44-E125-46EC-8DC7-7E7BE17074CE} = {3FC7CBA3-0CDF-4F11-B67C-223592110A1A}
		{D222E634-9857-44D7-8E9F-07ADCBC78DFD} = {C6584B10-7D2C-4465-B720-E84A6F758810}
		{3AB4F405-1C95-46A2-99A9-97D13013D973} = {C6584B10-7D2C-4465-B720-E84A6F758810}
		{36D6F155-2C37-4E61-8C9E-31D8C3A07503} = {C6584B10-7D2C-4465-B720-E84A6F758810}
		{61007124-A126-42D7-B37A-7A5C44DD3C45} = {AB241FBF-BC7B-4251-BD54-AD37D7D123DE}
		{D79D975C-615A-46C0-82A7-4C77CB6E9FC2} = {AB241FBF-BC7B-4251-BD54-AD37D7D123DE}
		{D09050A8-C84D-4635-ACCB-71A5AB685FDD} = {AB241FBF-BC7B-4251-BD54-AD37D7D123DE}
		{7C555CD8-DEE1-49BA-BDBB-712D0CF45BEB} = {AB241FBF-BC7B-4251-BD54-AD37D7D123DE}
		{FB12F4D5-BB03-4DAF-B789-BA91CDD17B5D} = {3FC7CBA3-0CDF-4F11-B67C-223592110A1A}
	EndGlobalSection
	GlobalSection(ExtensibilityGlobals) = postSolution
		SolutionGuid = {EFD731C9-C633-498D-8D90-57ED0E3528BC}
	EndGlobalSection
EndGlobal
